
Microsoft Visual Studio Solution File, Format Version 12.00
# Visual Studio Version 17
VisualStudioVersion = 17.7.34202.233
MinimumVisualStudioVersion = 10.0.40219.1
Project("{FAE04EC0-301F-11D3-BF4B-00C04F79EFBC}") = "ChatApplication", "ChatApplication\ChatApplication.csproj", "{547EAB18-0D64-44D3-BB87-F51EB7AE3906}"
EndProject
Global
	GlobalSection(SolutionConfigurationPlatforms) = preSolution
		Debug|Any CPU = Debug|Any CPU
		Release|Any CPU = Release|Any CPU
	EndGlobalSection
	GlobalSection(ProjectConfigurationPlatforms) = postSolution
		{547EAB18-0D64-44D3-BB87-F51EB7AE3906}.Debug|Any CPU.ActiveCfg = Debug|Any CPU
		{547EAB18-0D64-44D3-BB87-F51EB7AE3906}.Debug|Any CPU.Build.0 = Debug|Any CPU
		{547EAB18-0D64-44D3-BB87-F51EB7AE3906}.Release|Any CPU.ActiveCfg = Release|Any CPU
		{547EAB18-0D64-44D3-BB87-F51EB7AE3906}.Release|Any CPU.Build.0 = Release|Any CPU
	EndGlobalSection
	GlobalSection(SolutionProperties) = preSolution
		HideSolutionNode = FALSE
	EndGlobalSection
	GlobalSection(ExtensibilityGlobals) = postSolution
		SolutionGuid = {1D2BF4DA-0CCB-4BE3-AAFE-B3D7397B9722}
	EndGlobalSection
EndGlobal
